<?xml version="1.0" encoding="utf-8"?>
<Project ToolsVersion="4.0" xmlns="http://schemas.microsoft.com/developer/msbuild/2003">
  <ItemGroup>
    <Filter Include="Source files">
      <UniqueIdentifier>{e6080770-8066-4e72-8e26-6d3223ebbfa2}</UniqueIdentifier>
    </Filter>
    <Filter Include="Source files\Configuration">
      <UniqueIdentifier>{1dbc2a40-c52c-4cf3-ab94-796eac3bbf71}</UniqueIdentifier>
    </Filter>
    <Filter Include="Source files\Configuration\TrafficManagers">
      <UniqueIdentifier>{ce2f979e-86d6-480a-b3ea-f3315149dcb0}</UniqueIdentifier>
    </Filter>
    <Filter Include="Source files\Hardware">
      <UniqueIdentifier>{bf3ccf52-ab42-4c91-b4d7-99e93f473803}</UniqueIdentifier>
    </Filter>
    <Filter Include="Source files\Metrics">
      <UniqueIdentifier>{fdb7496e-d03f-4614-9734-43d69ac1d784}</UniqueIdentifier>
    </Filter>
    <Filter Include="Source files\Configuration\Graph">
      <UniqueIdentifier>{31e6273a-1139-4c1f-8875-ce6dd6a25183}</UniqueIdentifier>
    </Filter>
    <Filter Include="Source files\Routing">
      <UniqueIdentifier>{619ed280-3792-44c8-9b62-da1f4db3cdd8}</UniqueIdentifier>
    </Filter>
    <Filter Include="Source files\Selection">
      <UniqueIdentifier>{af8d9d36-9508-441f-a79e-abaa014ea695}</UniqueIdentifier>
    </Filter>
  </ItemGroup>
  <ItemGroup>
    <None Include="config.yml" />
  </ItemGroup>
  <ItemGroup>
    <ClCompile Include="src\Configuration\RoutingTable.cpp">
      <Filter>Source files\Configuration</Filter>
    </ClCompile>
    <ClCompile Include="src\Configuration\Configuration.cpp">
      <Filter>Source files\Configuration</Filter>
    </ClCompile>
    <ClCompile Include="src\Configuration\TrafficManagers\HotspotTrafficManager.cpp">
      <Filter>Source files\Configuration\TrafficManagers</Filter>
    </ClCompile>
    <ClCompile Include="src\Configuration\TrafficManagers\RandomTrafficManager.cpp">
      <Filter>Source files\Configuration\TrafficManagers</Filter>
    </ClCompile>
    <ClCompile Include="src\Configuration\TrafficManagers\TableTrafficManager.cpp">
      <Filter>Source files\Configuration\TrafficManagers</Filter>
    </ClCompile>
    <ClCompile Include="src\Hardware\NoC.cpp">
      <Filter>Source files\Hardware</Filter>
    </ClCompile>
    <ClCompile Include="src\Hardware\Buffer.cpp">
      <Filter>Source files\Hardware</Filter>
    </ClCompile>
    <ClCompile Include="src\Hardware\Processor.cpp">
      <Filter>Source files\Hardware</Filter>
    </ClCompile>
    <ClCompile Include="src\Hardware\ProcessorQueue.cpp">
      <Filter>Source files\Hardware</Filter>
    </ClCompile>
    <ClCompile Include="src\Hardware\ReservationTable.cpp">
      <Filter>Source files\Hardware</Filter>
    </ClCompile>
    <ClCompile Include="src\Hardware\SimulationTimer.cpp">
      <Filter>Source files\Hardware</Filter>
    </ClCompile>
    <ClCompile Include="src\Metrics\GlobalStats.cpp">
      <Filter>Source files\Metrics</Filter>
    </ClCompile>
    <ClCompile Include="src\Metrics\Stats.cpp">
      <Filter>Source files\Metrics</Filter>
    </ClCompile>
    <ClCompile Include="src\Metrics\ProgressBar.cpp">
      <Filter>Source files\Metrics</Filter>
    </ClCompile>
    <ClCompile Include="src\Main.cpp">
      <Filter>Source files</Filter>
    </ClCompile>
    <ClCompile Include="src\Metrics\FlitTracer.cpp">
      <Filter>Source files\Metrics</Filter>
    </ClCompile>
    <ClCompile Include="src\Hardware\Relay.cpp">
      <Filter>Source files\Hardware</Filter>
    </ClCompile>
    <ClCompile Include="src\Hardware\Router.cpp">
      <Filter>Source files\Hardware</Filter>
    </ClCompile>
    <ClCompile Include="src\DataStructs.cpp">
      <Filter>Source files</Filter>
    </ClCompile>
    <ClCompile Include="src\Configuration\Graph\MeshGraph.cpp">
      <Filter>Source files\Configuration\Graph</Filter>
    </ClCompile>
    <ClCompile Include="src\Configuration\Graph\Graph.cpp">
      <Filter>Source files\Configuration\Graph</Filter>
    </ClCompile>
    <ClCompile Include="src\Configuration\Graph\TorusGraph.cpp">
      <Filter>Source files\Configuration\Graph</Filter>
    </ClCompile>
    <ClCompile Include="src\Configuration\Graph\TreeGraph.cpp">
      <Filter>Source files\Configuration\Graph</Filter>
    </ClCompile>
    <ClCompile Include="src\Configuration\Graph\CirculantGraph.cpp">
      <Filter>Source files\Configuration\Graph</Filter>
    </ClCompile>
    <ClCompile Include="src\Configuration\Factory.cpp" />
  </ItemGroup>
  <ItemGroup>
    <ClInclude Include="src\Configuration\TrafficManagers\HotspotTrafficManager.hpp">
      <Filter>Source files\Configuration\TrafficManagers</Filter>
    </ClInclude>
    <ClInclude Include="src\Configuration\TrafficManagers\RandomTrafficManager.hpp">
      <Filter>Source files\Configuration\TrafficManagers</Filter>
    </ClInclude>
    <ClInclude Include="src\Configuration\TrafficManagers\TableTrafficManager.hpp">
      <Filter>Source files\Configuration\TrafficManagers</Filter>
    </ClInclude>
    <ClInclude Include="src\Configuration\TrafficManagers\TrafficManager.hpp">
      <Filter>Source files\Configuration\TrafficManagers</Filter>
    </ClInclude>
    <ClInclude Include="src\Configuration\Configuration.hpp">
      <Filter>Source files\Configuration</Filter>
    </ClInclude>
    <ClInclude Include="src\Configuration\RoutingTable.hpp">
      <Filter>Source files\Configuration</Filter>
    </ClInclude>
    <ClInclude Include="src\Hardware\Buffer.hpp">
      <Filter>Source files\Hardware</Filter>
    </ClInclude>
    <ClInclude Include="src\Hardware\Connection.hpp">
      <Filter>Source files\Hardware</Filter>
    </ClInclude>
    <ClInclude Include="src\Hardware\NoC.hpp">
      <Filter>Source files\Hardware</Filter>
    </ClInclude>
    <ClInclude Include="src\Hardware\Processor.hpp">
      <Filter>Source files\Hardware</Filter>
    </ClInclude>
    <ClInclude Include="src\Hardware\ProcessorQueue.hpp">
      <Filter>Source files\Hardware</Filter>
    </ClInclude>
    <ClInclude Include="src\Hardware\Relay.hpp">
      <Filter>Source files\Hardware</Filter>
    </ClInclude>
    <ClInclude Include="src\Hardware\ReservationTable.hpp">
      <Filter>Source files\Hardware</Filter>
    </ClInclude>
    <ClInclude Include="src\Hardware\SimulationTimer.hpp">
      <Filter>Source files\Hardware</Filter>
    </ClInclude>
    <ClInclude Include="src\Hardware\Tile.hpp">
      <Filter>Source files\Hardware</Filter>
    </ClInclude>
    <ClInclude Include="src\Metrics\FlitTracer.hpp">
      <Filter>Source files\Metrics</Filter>
    </ClInclude>
    <ClInclude Include="src\Metrics\GlobalStats.hpp">
      <Filter>Source files\Metrics</Filter>
    </ClInclude>
    <ClInclude Include="src\Metrics\ProgressBar.hpp">
      <Filter>Source files\Metrics</Filter>
    </ClInclude>
    <ClInclude Include="src\Metrics\Stats.hpp">
      <Filter>Source files\Metrics</Filter>
    </ClInclude>
    <ClInclude Include="src\Hardware\Router.hpp">
      <Filter>Source files\Hardware</Filter>
    </ClInclude>
    <ClInclude Include="src\DataStructs.hpp">
      <Filter>Source files</Filter>
    </ClInclude>
    <ClInclude Include="src\Configuration\Graph\MeshGraph.hpp">
      <Filter>Source files\Configuration\Graph</Filter>
    </ClInclude>
    <ClInclude Include="src\Configuration\Graph\Graph.hpp">
      <Filter>Source files\Configuration\Graph</Filter>
    </ClInclude>
    <ClInclude Include="src\Configuration\Graph\TreeGraph.hpp">
      <Filter>Source files\Configuration\Graph</Filter>
    </ClInclude>
    <ClInclude Include="src\Configuration\Graph\TorusGraph.hpp">
      <Filter>Source files\Configuration\Graph</Filter>
    </ClInclude>
    <ClInclude Include="src\Configuration\Graph\CirculantGraph.hpp">
      <Filter>Source files\Configuration\Graph</Filter>
    </ClInclude>
    <ClInclude Include="src\Routing\RoutingAlgorithm.hpp">
      <Filter>Source files\Routing</Filter>
    </ClInclude>
    <ClInclude Include="src\Routing\RoutingBypass.hpp">
      <Filter>Source files\Routing</Filter>
    </ClInclude>
    <ClInclude Include="src\Routing\RoutingFitSubnetwork.hpp">
      <Filter>Source files\Routing</Filter>
    </ClInclude>
    <ClInclude Include="src\Routing\RoutingFitVirtualSubnetwork.hpp">
      <Filter>Source files\Routing</Filter>
    </ClInclude>
    <ClInclude Include="src\Routing\RoutingFixedSubnetwork.hpp">
      <Filter>Source files\Routing</Filter>
    </ClInclude>
    <ClInclude Include="src\Routing\RoutingMeshXY.hpp">
      <Filter>Source files\Routing</Filter>
    </ClInclude>
    <ClInclude Include="src\Routing\RoutingRingSplit.hpp">
      <Filter>Source files\Routing</Filter>
    </ClInclude>
    <ClInclude Include="src\Routing\RoutingSubnetwork.hpp">
      <Filter>Source files\Routing</Filter>
    </ClInclude>
    <ClInclude Include="src\Routing\RoutingTableBased.hpp">
      <Filter>Source files\Routing</Filter>
    </ClInclude>
    <ClInclude Include="src\Routing\RoutingVirtualRingSplit.hpp">
      <Filter>Source files\Routing</Filter>
    </ClInclude>
    <ClInclude Include="src\Routing\RoutingVirtualSubnetwork.hpp">
      <Filter>Source files\Routing</Filter>
    </ClInclude>
    <ClInclude Include="src\Selection\SelectionBufferLevel.hpp">
      <Filter>Source files\Selection</Filter>
    </ClInclude>
    <ClInclude Include="src\Selection\SelectionKeepSpace.hpp">
      <Filter>Source files\Selection</Filter>
    </ClInclude>
    <ClInclude Include="src\Selection\SelectionRandom.hpp">
      <Filter>Source files\Selection</Filter>
    </ClInclude>
    <ClInclude Include="src\Selection\SelectionRandomKeepSpace.hpp">
      <Filter>Source files\Selection</Filter>
    </ClInclude>
    <ClInclude Include="src\Selection\SelectionRingSplit.hpp">
      <Filter>Source files\Selection</Filter>
    </ClInclude>
    <ClInclude Include="src\Selection\SelectionStrategy.hpp">
      <Filter>Source files\Selection</Filter>
    </ClInclude>
    <ClInclude Include="src\Selection\SelectionVirtualRingSplit.hpp">
      <Filter>Source files\Selection</Filter>
    </ClInclude>
    <ClInclude Include="src\Configuration\Factory.hpp" />
  </ItemGroup>
</Project>